// !$*UTF8*$!
{
	archiveVersion = 1;
	classes = {
	};
	objectVersion = 50;
	objects = {

/* Begin PBXBuildFile section */
		03753361283DFB055E7AD659 /* Pods_Book_TicketTests.framework in Frameworks */ = {isa = PBXBuildFile; fileRef = D29491D820C2FB14B7953F55 /* Pods_Book_TicketTests.framework */; };
		182078972137A461005B8793 /* PassangerDetailsVCCell.swift in Sources */ = {isa = PBXBuildFile; fileRef = 182078962137A461005B8793 /* PassangerDetailsVCCell.swift */; };
		18FD9D1D213729CD005EAD05 /* PassangerDetailsVC.swift in Sources */ = {isa = PBXBuildFile; fileRef = 18FD9D1C213729CD005EAD05 /* PassangerDetailsVC.swift */; };
		3555A1642135768C00C46B41 /* Utilities.swift in Sources */ = {isa = PBXBuildFile; fileRef = 3555A1632135768C00C46B41 /* Utilities.swift */; };
		3555A1662135783E00C46B41 /* CoreDataHandler.swift in Sources */ = {isa = PBXBuildFile; fileRef = 3555A1652135783E00C46B41 /* CoreDataHandler.swift */; };
		3555A16821359B7D00C46B41 /* Constants.swift in Sources */ = {isa = PBXBuildFile; fileRef = 3555A16721359B7D00C46B41 /* Constants.swift */; };
		35ED67642138110D001CCFEB /* RegistrationModel.swift in Sources */ = {isa = PBXBuildFile; fileRef = 35ED67632138110D001CCFEB /* RegistrationModel.swift */; };
		35ED6766213A773A001CCFEB /* BookDetailsModel.swift in Sources */ = {isa = PBXBuildFile; fileRef = 35ED6765213A773A001CCFEB /* BookDetailsModel.swift */; };
		35F1C24721344A5E000DB590 /* AppDelegate.swift in Sources */ = {isa = PBXBuildFile; fileRef = 35F1C24621344A5E000DB590 /* AppDelegate.swift */; };
		35F1C24C21344A5E000DB590 /* Main.storyboard in Resources */ = {isa = PBXBuildFile; fileRef = 35F1C24A21344A5E000DB590 /* Main.storyboard */; };
		35F1C24F21344A5E000DB590 /* Book_Ticket.xcdatamodeld in Sources */ = {isa = PBXBuildFile; fileRef = 35F1C24D21344A5E000DB590 /* Book_Ticket.xcdatamodeld */; };
		35F1C25121344A6D000DB590 /* Assets.xcassets in Resources */ = {isa = PBXBuildFile; fileRef = 35F1C25021344A6D000DB590 /* Assets.xcassets */; };
		35F1C25421344A6D000DB590 /* LaunchScreen.storyboard in Resources */ = {isa = PBXBuildFile; fileRef = 35F1C25221344A6D000DB590 /* LaunchScreen.storyboard */; };
		35F1C25F21344A6E000DB590 /* Book_TicketTests.swift in Sources */ = {isa = PBXBuildFile; fileRef = 35F1C25E21344A6E000DB590 /* Book_TicketTests.swift */; };
		35F1C26A21344A6E000DB590 /* Book_TicketUITests.swift in Sources */ = {isa = PBXBuildFile; fileRef = 35F1C26921344A6E000DB590 /* Book_TicketUITests.swift */; };
		35F1C27B21345966000DB590 /* RegistrationVC.swift in Sources */ = {isa = PBXBuildFile; fileRef = 35F1C27A21345966000DB590 /* RegistrationVC.swift */; };
		35F1C27D21345991000DB590 /* LoginVC.swift in Sources */ = {isa = PBXBuildFile; fileRef = 35F1C27C21345991000DB590 /* LoginVC.swift */; };
		35F1C27F213459A7000DB590 /* HomeVC.swift in Sources */ = {isa = PBXBuildFile; fileRef = 35F1C27E213459A7000DB590 /* HomeVC.swift */; };
		35F1C281213459C9000DB590 /* BookTicketVC.swift in Sources */ = {isa = PBXBuildFile; fileRef = 35F1C280213459C9000DB590 /* BookTicketVC.swift */; };
		ABFFEDA1CBC30D4F6C5BB61D /* Pods_Book_TicketUITests.framework in Frameworks */ = {isa = PBXBuildFile; fileRef = 9381E723932CDCFB0E68110D /* Pods_Book_TicketUITests.framework */; };
		C5932B576D3B279F2C9FB84B /* Pods_Book_Ticket.framework in Frameworks */ = {isa = PBXBuildFile; fileRef = B8F143E61D5FC9257B6E2192 /* Pods_Book_Ticket.framework */; };
/* End PBXBuildFile section */

/* Begin PBXContainerItemProxy section */
		35F1C25B21344A6E000DB590 /* PBXContainerItemProxy */ = {
			isa = PBXContainerItemProxy;
			containerPortal = 35F1C23B21344A5E000DB590 /* Project object */;
			proxyType = 1;
			remoteGlobalIDString = 35F1C24221344A5E000DB590;
			remoteInfo = "Book Ticket";
		};
		35F1C26621344A6E000DB590 /* PBXContainerItemProxy */ = {
			isa = PBXContainerItemProxy;
			containerPortal = 35F1C23B21344A5E000DB590 /* Project object */;
			proxyType = 1;
			remoteGlobalIDString = 35F1C24221344A5E000DB590;
			remoteInfo = "Book Ticket";
		};
/* End PBXContainerItemProxy section */

/* Begin PBXFileReference section */
		0314027B6578005CE4E1487C /* Pods-Book Ticket.release.xcconfig */ = {isa = PBXFileReference; includeInIndex = 1; lastKnownFileType = text.xcconfig; name = "Pods-Book Ticket.release.xcconfig"; path = "Pods/Target Support Files/Pods-Book Ticket/Pods-Book Ticket.release.xcconfig"; sourceTree = "<group>"; };
		182078962137A461005B8793 /* PassangerDetailsVCCell.swift */ = {isa = PBXFileReference; lastKnownFileType = sourcecode.swift; path = PassangerDetailsVCCell.swift; sourceTree = "<group>"; };
		18FD9D1C213729CD005EAD05 /* PassangerDetailsVC.swift */ = {isa = PBXFileReference; lastKnownFileType = sourcecode.swift; path = PassangerDetailsVC.swift; sourceTree = "<group>"; };
		2CBC557287D8EC89CCD829AE /* Pods-Book TicketTests.debug.xcconfig */ = {isa = PBXFileReference; includeInIndex = 1; lastKnownFileType = text.xcconfig; name = "Pods-Book TicketTests.debug.xcconfig"; path = "Pods/Target Support Files/Pods-Book TicketTests/Pods-Book TicketTests.debug.xcconfig"; sourceTree = "<group>"; };
		3555A1632135768C00C46B41 /* Utilities.swift */ = {isa = PBXFileReference; lastKnownFileType = sourcecode.swift; path = Utilities.swift; sourceTree = "<group>"; };
		3555A1652135783E00C46B41 /* CoreDataHandler.swift */ = {isa = PBXFileReference; lastKnownFileType = sourcecode.swift; path = CoreDataHandler.swift; sourceTree = "<group>"; };
		3555A16721359B7D00C46B41 /* Constants.swift */ = {isa = PBXFileReference; lastKnownFileType = sourcecode.swift; path = Constants.swift; sourceTree = "<group>"; };
		35ED67632138110D001CCFEB /* RegistrationModel.swift */ = {isa = PBXFileReference; lastKnownFileType = sourcecode.swift; path = RegistrationModel.swift; sourceTree = "<group>"; };
		35ED6765213A773A001CCFEB /* BookDetailsModel.swift */ = {isa = PBXFileReference; lastKnownFileType = sourcecode.swift; path = BookDetailsModel.swift; sourceTree = "<group>"; };
		35F1C24321344A5E000DB590 /* Book Ticket.app */ = {isa = PBXFileReference; explicitFileType = wrapper.application; includeInIndex = 0; path = "Book Ticket.app"; sourceTree = BUILT_PRODUCTS_DIR; };
		35F1C24621344A5E000DB590 /* AppDelegate.swift */ = {isa = PBXFileReference; lastKnownFileType = sourcecode.swift; path = AppDelegate.swift; sourceTree = "<group>"; };
		35F1C24B21344A5E000DB590 /* Base */ = {isa = PBXFileReference; lastKnownFileType = file.storyboard; name = Base; path = Base.lproj/Main.storyboard; sourceTree = "<group>"; };
		35F1C24E21344A5E000DB590 /* Book_Ticket.xcdatamodel */ = {isa = PBXFileReference; lastKnownFileType = wrapper.xcdatamodel; path = Book_Ticket.xcdatamodel; sourceTree = "<group>"; };
		35F1C25021344A6D000DB590 /* Assets.xcassets */ = {isa = PBXFileReference; lastKnownFileType = folder.assetcatalog; path = Assets.xcassets; sourceTree = "<group>"; };
		35F1C25321344A6D000DB590 /* Base */ = {isa = PBXFileReference; lastKnownFileType = file.storyboard; name = Base; path = Base.lproj/LaunchScreen.storyboard; sourceTree = "<group>"; };
		35F1C25521344A6D000DB590 /* Info.plist */ = {isa = PBXFileReference; lastKnownFileType = text.plist.xml; path = Info.plist; sourceTree = "<group>"; };
		35F1C25A21344A6E000DB590 /* Book TicketTests.xctest */ = {isa = PBXFileReference; explicitFileType = wrapper.cfbundle; includeInIndex = 0; path = "Book TicketTests.xctest"; sourceTree = BUILT_PRODUCTS_DIR; };
		35F1C25E21344A6E000DB590 /* Book_TicketTests.swift */ = {isa = PBXFileReference; lastKnownFileType = sourcecode.swift; path = Book_TicketTests.swift; sourceTree = "<group>"; };
		35F1C26021344A6E000DB590 /* Info.plist */ = {isa = PBXFileReference; lastKnownFileType = text.plist.xml; path = Info.plist; sourceTree = "<group>"; };
		35F1C26521344A6E000DB590 /* Book TicketUITests.xctest */ = {isa = PBXFileReference; explicitFileType = wrapper.cfbundle; includeInIndex = 0; path = "Book TicketUITests.xctest"; sourceTree = BUILT_PRODUCTS_DIR; };
		35F1C26921344A6E000DB590 /* Book_TicketUITests.swift */ = {isa = PBXFileReference; lastKnownFileType = sourcecode.swift; path = Book_TicketUITests.swift; sourceTree = "<group>"; };
		35F1C26B21344A6E000DB590 /* Info.plist */ = {isa = PBXFileReference; lastKnownFileType = text.plist.xml; path = Info.plist; sourceTree = "<group>"; };
		35F1C27A21345966000DB590 /* RegistrationVC.swift */ = {isa = PBXFileReference; lastKnownFileType = sourcecode.swift; path = RegistrationVC.swift; sourceTree = "<group>"; };
		35F1C27C21345991000DB590 /* LoginVC.swift */ = {isa = PBXFileReference; lastKnownFileType = sourcecode.swift; path = LoginVC.swift; sourceTree = "<group>"; };
		35F1C27E213459A7000DB590 /* HomeVC.swift */ = {isa = PBXFileReference; lastKnownFileType = sourcecode.swift; path = HomeVC.swift; sourceTree = "<group>"; };
		35F1C280213459C9000DB590 /* BookTicketVC.swift */ = {isa = PBXFileReference; lastKnownFileType = sourcecode.swift; path = BookTicketVC.swift; sourceTree = "<group>"; };
		4BBB5CE9A91DC60E0EF726F7 /* Pods-Book TicketUITests.release.xcconfig */ = {isa = PBXFileReference; includeInIndex = 1; lastKnownFileType = text.xcconfig; name = "Pods-Book TicketUITests.release.xcconfig"; path = "Pods/Target Support Files/Pods-Book TicketUITests/Pods-Book TicketUITests.release.xcconfig"; sourceTree = "<group>"; };
		717F4E5BA2CBFD2E3AA4099B /* Pods-Book TicketTests.release.xcconfig */ = {isa = PBXFileReference; includeInIndex = 1; lastKnownFileType = text.xcconfig; name = "Pods-Book TicketTests.release.xcconfig"; path = "Pods/Target Support Files/Pods-Book TicketTests/Pods-Book TicketTests.release.xcconfig"; sourceTree = "<group>"; };
		9381E723932CDCFB0E68110D /* Pods_Book_TicketUITests.framework */ = {isa = PBXFileReference; explicitFileType = wrapper.framework; includeInIndex = 0; path = Pods_Book_TicketUITests.framework; sourceTree = BUILT_PRODUCTS_DIR; };
		B8F143E61D5FC9257B6E2192 /* Pods_Book_Ticket.framework */ = {isa = PBXFileReference; explicitFileType = wrapper.framework; includeInIndex = 0; path = Pods_Book_Ticket.framework; sourceTree = BUILT_PRODUCTS_DIR; };
		D29491D820C2FB14B7953F55 /* Pods_Book_TicketTests.framework */ = {isa = PBXFileReference; explicitFileType = wrapper.framework; includeInIndex = 0; path = Pods_Book_TicketTests.framework; sourceTree = BUILT_PRODUCTS_DIR; };
		DCC325D8D3B1350DF8A426E2 /* Pods-Book Ticket.debug.xcconfig */ = {isa = PBXFileReference; includeInIndex = 1; lastKnownFileType = text.xcconfig; name = "Pods-Book Ticket.debug.xcconfig"; path = "Pods/Target Support Files/Pods-Book Ticket/Pods-Book Ticket.debug.xcconfig"; sourceTree = "<group>"; };
		E4B9B55F63A243AE9A9E043E /* Pods-Book TicketUITests.debug.xcconfig */ = {isa = PBXFileReference; includeInIndex = 1; lastKnownFileType = text.xcconfig; name = "Pods-Book TicketUITests.debug.xcconfig"; path = "Pods/Target Support Files/Pods-Book TicketUITests/Pods-Book TicketUITests.debug.xcconfig"; sourceTree = "<group>"; };
/* End PBXFileReference section */

/* Begin PBXFrameworksBuildPhase section */
		35F1C24021344A5E000DB590 /* Frameworks */ = {
			isa = PBXFrameworksBuildPhase;
			buildActionMask = 2147483647;
			files = (
				C5932B576D3B279F2C9FB84B /* Pods_Book_Ticket.framework in Frameworks */,
			);
			runOnlyForDeploymentPostprocessing = 0;
		};
		35F1C25721344A6E000DB590 /* Frameworks */ = {
			isa = PBXFrameworksBuildPhase;
			buildActionMask = 2147483647;
			files = (
				03753361283DFB055E7AD659 /* Pods_Book_TicketTests.framework in Frameworks */,
			);
			runOnlyForDeploymentPostprocessing = 0;
		};
		35F1C26221344A6E000DB590 /* Frameworks */ = {
			isa = PBXFrameworksBuildPhase;
			buildActionMask = 2147483647;
			files = (
				ABFFEDA1CBC30D4F6C5BB61D /* Pods_Book_TicketUITests.framework in Frameworks */,
			);
			runOnlyForDeploymentPostprocessing = 0;
		};
/* End PBXFrameworksBuildPhase section */

/* Begin PBXGroup section */
		182078952137A421005B8793 /* Cell */ = {
			isa = PBXGroup;
			children = (
				182078962137A461005B8793 /* PassangerDetailsVCCell.swift */,
			);
			path = Cell;
			sourceTree = "<group>";
		};
		3555A1622135766400C46B41 /* Utility */ = {
			isa = PBXGroup;
			children = (
				3555A1632135768C00C46B41 /* Utilities.swift */,
				3555A1652135783E00C46B41 /* CoreDataHandler.swift */,
				3555A16721359B7D00C46B41 /* Constants.swift */,
			);
			path = Utility;
			sourceTree = "<group>";
		};
		35F1C23A21344A5E000DB590 = {
			isa = PBXGroup;
			children = (
				35F1C24521344A5E000DB590 /* Book Ticket */,
				35F1C25D21344A6E000DB590 /* Book TicketTests */,
				35F1C26821344A6E000DB590 /* Book TicketUITests */,
				35F1C24421344A5E000DB590 /* Products */,
				503A0921CD3E4D36CB58D7BD /* Pods */,
				F5A768D75CBFB181F25136A6 /* Frameworks */,
			);
			sourceTree = "<group>";
		};
		35F1C24421344A5E000DB590 /* Products */ = {
			isa = PBXGroup;
			children = (
				35F1C24321344A5E000DB590 /* Book Ticket.app */,
				35F1C25A21344A6E000DB590 /* Book TicketTests.xctest */,
				35F1C26521344A6E000DB590 /* Book TicketUITests.xctest */,
			);
			name = Products;
			sourceTree = "<group>";
		};
		35F1C24521344A5E000DB590 /* Book Ticket */ = {
			isa = PBXGroup;
			children = (
				3555A1622135766400C46B41 /* Utility */,
				35F1C277213458F3000DB590 /* Model */,
				35F1C2792134591F000DB590 /* View */,
				35F1C27821345903000DB590 /* Controller */,
				35F1C25521344A6D000DB590 /* Info.plist */,
			);
			path = "Book Ticket";
			sourceTree = "<group>";
		};
		35F1C25D21344A6E000DB590 /* Book TicketTests */ = {
			isa = PBXGroup;
			children = (
				35F1C25E21344A6E000DB590 /* Book_TicketTests.swift */,
				35F1C26021344A6E000DB590 /* Info.plist */,
			);
			path = "Book TicketTests";
			sourceTree = "<group>";
		};
		35F1C26821344A6E000DB590 /* Book TicketUITests */ = {
			isa = PBXGroup;
			children = (
				35F1C26921344A6E000DB590 /* Book_TicketUITests.swift */,
				35F1C26B21344A6E000DB590 /* Info.plist */,
			);
			path = "Book TicketUITests";
			sourceTree = "<group>";
		};
		35F1C277213458F3000DB590 /* Model */ = {
			isa = PBXGroup;
			children = (
				35F1C24D21344A5E000DB590 /* Book_Ticket.xcdatamodeld */,
				35ED67632138110D001CCFEB /* RegistrationModel.swift */,
				35ED6765213A773A001CCFEB /* BookDetailsModel.swift */,
			);
			path = Model;
			sourceTree = "<group>";
		};
		35F1C27821345903000DB590 /* Controller */ = {
			isa = PBXGroup;
			children = (
				182078952137A421005B8793 /* Cell */,
				35F1C24621344A5E000DB590 /* AppDelegate.swift */,
				35F1C27A21345966000DB590 /* RegistrationVC.swift */,
				35F1C27C21345991000DB590 /* LoginVC.swift */,
				35F1C27E213459A7000DB590 /* HomeVC.swift */,
				35F1C280213459C9000DB590 /* BookTicketVC.swift */,
				18FD9D1C213729CD005EAD05 /* PassangerDetailsVC.swift */,
			);
			path = Controller;
			sourceTree = "<group>";
		};
		35F1C2792134591F000DB590 /* View */ = {
			isa = PBXGroup;
			children = (
				35F1C25021344A6D000DB590 /* Assets.xcassets */,
				35F1C24A21344A5E000DB590 /* Main.storyboard */,
				35F1C25221344A6D000DB590 /* LaunchScreen.storyboard */,
			);
			path = View;
			sourceTree = "<group>";
		};
		503A0921CD3E4D36CB58D7BD /* Pods */ = {
			isa = PBXGroup;
			children = (
				DCC325D8D3B1350DF8A426E2 /* Pods-Book Ticket.debug.xcconfig */,
				0314027B6578005CE4E1487C /* Pods-Book Ticket.release.xcconfig */,
				2CBC557287D8EC89CCD829AE /* Pods-Book TicketTests.debug.xcconfig */,
				717F4E5BA2CBFD2E3AA4099B /* Pods-Book TicketTests.release.xcconfig */,
				E4B9B55F63A243AE9A9E043E /* Pods-Book TicketUITests.debug.xcconfig */,
				4BBB5CE9A91DC60E0EF726F7 /* Pods-Book TicketUITests.release.xcconfig */,
			);
			name = Pods;
			sourceTree = "<group>";
		};
		F5A768D75CBFB181F25136A6 /* Frameworks */ = {
			isa = PBXGroup;
			children = (
				B8F143E61D5FC9257B6E2192 /* Pods_Book_Ticket.framework */,
				D29491D820C2FB14B7953F55 /* Pods_Book_TicketTests.framework */,
				9381E723932CDCFB0E68110D /* Pods_Book_TicketUITests.framework */,
			);
			name = Frameworks;
			sourceTree = "<group>";
		};
/* End PBXGroup section */

/* Begin PBXNativeTarget section */
		35F1C24221344A5E000DB590 /* Book Ticket */ = {
			isa = PBXNativeTarget;
			buildConfigurationList = 35F1C26E21344A6E000DB590 /* Build configuration list for PBXNativeTarget "Book Ticket" */;
			buildPhases = (
				AE51415CBE1F9A6A2A14C2F6 /* [CP] Check Pods Manifest.lock */,
				35F1C23F21344A5E000DB590 /* Sources */,
				35F1C24021344A5E000DB590 /* Frameworks */,
				35F1C24121344A5E000DB590 /* Resources */,
				F94879445EED74C3159F36B0 /* [CP] Embed Pods Frameworks */,
			);
			buildRules = (
			);
			dependencies = (
			);
			name = "Book Ticket";
			productName = "Book Ticket";
			productReference = 35F1C24321344A5E000DB590 /* Book Ticket.app */;
			productType = "com.apple.product-type.application";
		};
		35F1C25921344A6E000DB590 /* Book TicketTests */ = {
			isa = PBXNativeTarget;
			buildConfigurationList = 35F1C27121344A6E000DB590 /* Build configuration list for PBXNativeTarget "Book TicketTests" */;
			buildPhases = (
				96A9F222B1972B77A4402775 /* [CP] Check Pods Manifest.lock */,
				35F1C25621344A6E000DB590 /* Sources */,
				35F1C25721344A6E000DB590 /* Frameworks */,
				35F1C25821344A6E000DB590 /* Resources */,
			);
			buildRules = (
			);
			dependencies = (
				35F1C25C21344A6E000DB590 /* PBXTargetDependency */,
			);
			name = "Book TicketTests";
			productName = "Book TicketTests";
			productReference = 35F1C25A21344A6E000DB590 /* Book TicketTests.xctest */;
			productType = "com.apple.product-type.bundle.unit-test";
		};
		35F1C26421344A6E000DB590 /* Book TicketUITests */ = {
			isa = PBXNativeTarget;
			buildConfigurationList = 35F1C27421344A6E000DB590 /* Build configuration list for PBXNativeTarget "Book TicketUITests" */;
			buildPhases = (
				4D88E3A046DA2504CB568E2B /* [CP] Check Pods Manifest.lock */,
				35F1C26121344A6E000DB590 /* Sources */,
				35F1C26221344A6E000DB590 /* Frameworks */,
				35F1C26321344A6E000DB590 /* Resources */,
			);
			buildRules = (
			);
			dependencies = (
				35F1C26721344A6E000DB590 /* PBXTargetDependency */,
			);
			name = "Book TicketUITests";
			productName = "Book TicketUITests";
			productReference = 35F1C26521344A6E000DB590 /* Book TicketUITests.xctest */;
			productType = "com.apple.product-type.bundle.ui-testing";
		};
/* End PBXNativeTarget section */

/* Begin PBXProject section */
		35F1C23B21344A5E000DB590 /* Project object */ = {
			isa = PBXProject;
			attributes = {
				LastSwiftUpdateCheck = 0940;
				LastUpgradeCheck = 0940;
				ORGANIZATIONNAME = SOLUTIONPLANETS;
				TargetAttributes = {
					35F1C24221344A5E000DB590 = {
						CreatedOnToolsVersion = 9.4.1;
					};
					35F1C25921344A6E000DB590 = {
						CreatedOnToolsVersion = 9.4.1;
						TestTargetID = 35F1C24221344A5E000DB590;
					};
					35F1C26421344A6E000DB590 = {
						CreatedOnToolsVersion = 9.4.1;
						TestTargetID = 35F1C24221344A5E000DB590;
					};
				};
			};
			buildConfigurationList = 35F1C23E21344A5E000DB590 /* Build configuration list for PBXProject "Book Ticket" */;
			compatibilityVersion = "Xcode 9.3";
			developmentRegion = en;
			hasScannedForEncodings = 0;
			knownRegions = (
				en,
				Base,
			);
			mainGroup = 35F1C23A21344A5E000DB590;
			productRefGroup = 35F1C24421344A5E000DB590 /* Products */;
			projectDirPath = "";
			projectRoot = "";
			targets = (
				35F1C24221344A5E000DB590 /* Book Ticket */,
				35F1C25921344A6E000DB590 /* Book TicketTests */,
				35F1C26421344A6E000DB590 /* Book TicketUITests */,
			);
		};
/* End PBXProject section */

/* Begin PBXResourcesBuildPhase section */
		35F1C24121344A5E000DB590 /* Resources */ = {
			isa = PBXResourcesBuildPhase;
			buildActionMask = 2147483647;
			files = (
				35F1C25421344A6D000DB590 /* LaunchScreen.storyboard in Resources */,
				35F1C25121344A6D000DB590 /* Assets.xcassets in Resources */,
				35F1C24C21344A5E000DB590 /* Main.storyboard in Resources */,
			);
			runOnlyForDeploymentPostprocessing = 0;
		};
		35F1C25821344A6E000DB590 /* Resources */ = {
			isa = PBXResourcesBuildPhase;
			buildActionMask = 2147483647;
			files = (
			);
			runOnlyForDeploymentPostprocessing = 0;
		};
		35F1C26321344A6E000DB590 /* Resources */ = {
			isa = PBXResourcesBuildPhase;
			buildActionMask = 2147483647;
			files = (
			);
			runOnlyForDeploymentPostprocessing = 0;
		};
/* End PBXResourcesBuildPhase section */

/* Begin PBXShellScriptBuildPhase section */
		4D88E3A046DA2504CB568E2B /* [CP] Check Pods Manifest.lock */ = {
			isa = PBXShellScriptBuildPhase;
			buildActionMask = 2147483647;
			files = (
			);
			inputPaths = (
				"${PODS_PODFILE_DIR_PATH}/Podfile.lock",
				"${PODS_ROOT}/Manifest.lock",
			);
			name = "[CP] Check Pods Manifest.lock";
			outputPaths = (
				"$(DERIVED_FILE_DIR)/Pods-Book TicketUITests-checkManifestLockResult.txt",
			);
			runOnlyForDeploymentPostprocessing = 0;
			shellPath = /bin/sh;
			shellScript = "diff \"${PODS_PODFILE_DIR_PATH}/Podfile.lock\" \"${PODS_ROOT}/Manifest.lock\" > /dev/null\nif [ $? != 0 ] ; then\n    # print error to STDERR\n    echo \"error: The sandbox is not in sync with the Podfile.lock. Run 'pod install' or update your CocoaPods installation.\" >&2\n    exit 1\nfi\n# This output is used by Xcode 'outputs' to avoid re-running this script phase.\necho \"SUCCESS\" > \"${SCRIPT_OUTPUT_FILE_0}\"\n";
			showEnvVarsInLog = 0;
		};
		96A9F222B1972B77A4402775 /* [CP] Check Pods Manifest.lock */ = {
			isa = PBXShellScriptBuildPhase;
			buildActionMask = 2147483647;
			files = (
			);
			inputPaths = (
				"${PODS_PODFILE_DIR_PATH}/Podfile.lock",
				"${PODS_ROOT}/Manifest.lock",
			);
			name = "[CP] Check Pods Manifest.lock";
			outputPaths = (
				"$(DERIVED_FILE_DIR)/Pods-Book TicketTests-checkManifestLockResult.txt",
			);
			runOnlyForDeploymentPostprocessing = 0;
			shellPath = /bin/sh;
			shellScript = "diff \"${PODS_PODFILE_DIR_PATH}/Podfile.lock\" \"${PODS_ROOT}/Manifest.lock\" > /dev/null\nif [ $? != 0 ] ; then\n    # print error to STDERR\n    echo \"error: The sandbox is not in sync with the Podfile.lock. Run 'pod install' or update your CocoaPods installation.\" >&2\n    exit 1\nfi\n# This output is used by Xcode 'outputs' to avoid re-running this script phase.\necho \"SUCCESS\" > \"${SCRIPT_OUTPUT_FILE_0}\"\n";
			showEnvVarsInLog = 0;
		};
		AE51415CBE1F9A6A2A14C2F6 /* [CP] Check Pods Manifest.lock */ = {
			isa = PBXShellScriptBuildPhase;
			buildActionMask = 2147483647;
			files = (
			);
			inputPaths = (
				"${PODS_PODFILE_DIR_PATH}/Podfile.lock",
				"${PODS_ROOT}/Manifest.lock",
			);
			name = "[CP] Check Pods Manifest.lock";
			outputPaths = (
				"$(DERIVED_FILE_DIR)/Pods-Book Ticket-checkManifestLockResult.txt",
			);
			runOnlyForDeploymentPostprocessing = 0;
			shellPath = /bin/sh;
			shellScript = "diff \"${PODS_PODFILE_DIR_PATH}/Podfile.lock\" \"${PODS_ROOT}/Manifest.lock\" > /dev/null\nif [ $? != 0 ] ; then\n    # print error to STDERR\n    echo \"error: The sandbox is not in sync with the Podfile.lock. Run 'pod install' or update your CocoaPods installation.\" >&2\n    exit 1\nfi\n# This output is used by Xcode 'outputs' to avoid re-running this script phase.\necho \"SUCCESS\" > \"${SCRIPT_OUTPUT_FILE_0}\"\n";
			showEnvVarsInLog = 0;
		};
		F94879445EED74C3159F36B0 /* [CP] Embed Pods Frameworks */ = {
			isa = PBXShellScriptBuildPhase;
			buildActionMask = 2147483647;
			files = (
			);
			inputPaths = (
				"${SRCROOT}/Pods/Target Support Files/Pods-Book Ticket/Pods-Book Ticket-frameworks.sh",
				"${BUILT_PRODUCTS_DIR}/IQKeyboardManagerSwift/IQKeyboardManagerSwift.framework",
			);
			name = "[CP] Embed Pods Frameworks";
			outputPaths = (
				"${TARGET_BUILD_DIR}/${FRAMEWORKS_FOLDER_PATH}/IQKeyboardManagerSwift.framework",
			);
			runOnlyForDeploymentPostprocessing = 0;
			shellPath = /bin/sh;
			shellScript = "\"${SRCROOT}/Pods/Target Support Files/Pods-Book Ticket/Pods-Book Ticket-frameworks.sh\"\n";
			showEnvVarsInLog = 0;
		};
/* End PBXShellScriptBuildPhase section */

/* Begin PBXSourcesBuildPhase section */
		35F1C23F21344A5E000DB590 /* Sources */ = {
			isa = PBXSourcesBuildPhase;
			buildActionMask = 2147483647;
			files = (
				35F1C24721344A5E000DB590 /* AppDelegate.swift in Sources */,
				3555A1662135783E00C46B41 /* CoreDataHandler.swift in Sources */,
				35ED67642138110D001CCFEB /* RegistrationModel.swift in Sources */,
				35F1C24F21344A5E000DB590 /* Book_Ticket.xcdatamodeld in Sources */,
				35ED6766213A773A001CCFEB /* BookDetailsModel.swift in Sources */,
				3555A1642135768C00C46B41 /* Utilities.swift in Sources */,
				18FD9D1D213729CD005EAD05 /* PassangerDetailsVC.swift in Sources */,
				35F1C27F213459A7000DB590 /* HomeVC.swift in Sources */,
				35F1C27B21345966000DB590 /* RegistrationVC.swift in Sources */,
				182078972137A461005B8793 /* PassangerDetailsVCCell.swift in Sources */,
				35F1C27D21345991000DB590 /* LoginVC.swift in Sources */,
				35F1C281213459C9000DB590 /* BookTicketVC.swift in Sources */,
				3555A16821359B7D00C46B41 /* Constants.swift in Sources */,
			);
			runOnlyForDeploymentPostprocessing = 0;
		};
		35F1C25621344A6E000DB590 /* Sources */ = {
			isa = PBXSourcesBuildPhase;
			buildActionMask = 2147483647;
			files = (
				35F1C25F21344A6E000DB590 /* Book_TicketTests.swift in Sources */,
			);
			runOnlyForDeploymentPostprocessing = 0;
		};
		35F1C26121344A6E000DB590 /* Sources */ = {
			isa = PBXSourcesBuildPhase;
			buildActionMask = 2147483647;
			files = (
				35F1C26A21344A6E000DB590 /* Book_TicketUITests.swift in Sources */,
			);
			runOnlyForDeploymentPostprocessing = 0;
		};
/* End PBXSourcesBuildPhase section */

/* Begin PBXTargetDependency section */
		35F1C25C21344A6E000DB590 /* PBXTargetDependency */ = {
			isa = PBXTargetDependency;
			target = 35F1C24221344A5E000DB590 /* Book Ticket */;
			targetProxy = 35F1C25B21344A6E000DB590 /* PBXContainerItemProxy */;
		};
		35F1C26721344A6E000DB590 /* PBXTargetDependency */ = {
			isa = PBXTargetDependency;
			target = 35F1C24221344A5E000DB590 /* Book Ticket */;
			targetProxy = 35F1C26621344A6E000DB590 /* PBXContainerItemProxy */;
		};
/* End PBXTargetDependency section */

/* Begin PBXVariantGroup section */
		35F1C24A21344A5E000DB590 /* Main.storyboard */ = {
			isa = PBXVariantGroup;
			children = (
				35F1C24B21344A5E000DB590 /* Base */,
			);
			name = Main.storyboard;
			sourceTree = "<group>";
		};
		35F1C25221344A6D000DB590 /* LaunchScreen.storyboard */ = {
			isa = PBXVariantGroup;
			children = (
				35F1C25321344A6D000DB590 /* Base */,
			);
			name = LaunchScreen.storyboard;
			sourceTree = "<group>";
		};
/* End PBXVariantGroup section */

/* Begin XCBuildConfiguration section */
		35F1C26C21344A6E000DB590 /* Debug */ = {
			isa = XCBuildConfiguration;
			buildSettings = {
				ALWAYS_SEARCH_USER_PATHS = NO;
				CLANG_ANALYZER_NONNULL = YES;
				CLANG_ANALYZER_NUMBER_OBJECT_CONVERSION = YES_AGGRESSIVE;
				CLANG_CXX_LANGUAGE_STANDARD = "gnu++14";
				CLANG_CXX_LIBRARY = "libc++";
				CLANG_ENABLE_MODULES = YES;
				CLANG_ENABLE_OBJC_ARC = YES;
				CLANG_ENABLE_OBJC_WEAK = YES;
				CLANG_WARN_BLOCK_CAPTURE_AUTORELEASING = YES;
				CLANG_WARN_BOOL_CONVERSION = YES;
				CLANG_WARN_COMMA = YES;
				CLANG_WARN_CONSTANT_CONVERSION = YES;
				CLANG_WARN_DEPRECATED_OBJC_IMPLEMENTATIONS = YES;
				CLANG_WARN_DIRECT_OBJC_ISA_USAGE = YES_ERROR;
				CLANG_WARN_DOCUMENTATION_COMMENTS = YES;
				CLANG_WARN_EMPTY_BODY = YES;
				CLANG_WARN_ENUM_CONVERSION = YES;
				CLANG_WARN_INFINITE_RECURSION = YES;
				CLANG_WARN_INT_CONVERSION = YES;
				CLANG_WARN_NON_LITERAL_NULL_CONVERSION = YES;
				CLANG_WARN_OBJC_IMPLICIT_RETAIN_SELF = YES;
				CLANG_WARN_OBJC_LITERAL_CONVERSION = YES;
				CLANG_WARN_OBJC_ROOT_CLASS = YES_ERROR;
				CLANG_WARN_RANGE_LOOP_ANALYSIS = YES;
				CLANG_WARN_STRICT_PROTOTYPES = YES;
				CLANG_WARN_SUSPICIOUS_MOVE = YES;
				CLANG_WARN_UNGUARDED_AVAILABILITY = YES_AGGRESSIVE;
				CLANG_WARN_UNREACHABLE_CODE = YES;
				CLANG_WARN__DUPLICATE_METHOD_MATCH = YES;
				CODE_SIGN_IDENTITY = "iPhone Developer";
				COPY_PHASE_STRIP = NO;
				DEBUG_INFORMATION_FORMAT = dwarf;
				ENABLE_STRICT_OBJC_MSGSEND = YES;
				ENABLE_TESTABILITY = YES;
				GCC_C_LANGUAGE_STANDARD = gnu11;
				GCC_DYNAMIC_NO_PIC = NO;
				GCC_NO_COMMON_BLOCKS = YES;
				GCC_OPTIMIZATION_LEVEL = 0;
				GCC_PREPROCESSOR_DEFINITIONS = (
					"DEBUG=1",
					"$(inherited)",
				);
				GCC_WARN_64_TO_32_BIT_CONVERSION = YES;
				GCC_WARN_ABOUT_RETURN_TYPE = YES_ERROR;
				GCC_WARN_UNDECLARED_SELECTOR = YES;
				GCC_WARN_UNINITIALIZED_AUTOS = YES_AGGRESSIVE;
				GCC_WARN_UNUSED_FUNCTION = YES;
				GCC_WARN_UNUSED_VARIABLE = YES;
				IPHONEOS_DEPLOYMENT_TARGET = 11.4;
				MTL_ENABLE_DEBUG_INFO = YES;
				ONLY_ACTIVE_ARCH = YES;
				SDKROOT = iphoneos;
				SWIFT_ACTIVE_COMPILATION_CONDITIONS = DEBUG;
				SWIFT_OPTIMIZATION_LEVEL = "-Onone";
			};
			name = Debug;
		};
		35F1C26D21344A6E000DB590 /* Release */ = {
			isa = XCBuildConfiguration;
			buildSettings = {
				ALWAYS_SEARCH_USER_PATHS = NO;
				CLANG_ANALYZER_NONNULL = YES;
				CLANG_ANALYZER_NUMBER_OBJECT_CONVERSION = YES_AGGRESSIVE;
				CLANG_CXX_LANGUAGE_STANDARD = "gnu++14";
				CLANG_CXX_LIBRARY = "libc++";
				CLANG_ENABLE_MODULES = YES;
				CLANG_ENABLE_OBJC_ARC = YES;
				CLANG_ENABLE_OBJC_WEAK = YES;
				CLANG_WARN_BLOCK_CAPTURE_AUTORELEASING = YES;
				CLANG_WARN_BOOL_CONVERSION = YES;
				CLANG_WARN_COMMA = YES;
				CLANG_WARN_CONSTANT_CONVERSION = YES;
				CLANG_WARN_DEPRECATED_OBJC_IMPLEMENTATIONS = YES;
				CLANG_WARN_DIRECT_OBJC_ISA_USAGE = YES_ERROR;
				CLANG_WARN_DOCUMENTATION_COMMENTS = YES;
				CLANG_WARN_EMPTY_BODY = YES;
				CLANG_WARN_ENUM_CONVERSION = YES;
				CLANG_WARN_INFINITE_RECURSION = YES;
				CLANG_WARN_INT_CONVERSION = YES;
				CLANG_WARN_NON_LITERAL_NULL_CONVERSION = YES;
				CLANG_WARN_OBJC_IMPLICIT_RETAIN_SELF = YES;
				CLANG_WARN_OBJC_LITERAL_CONVERSION = YES;
				CLANG_WARN_OBJC_ROOT_CLASS = YES_ERROR;
				CLANG_WARN_RANGE_LOOP_ANALYSIS = YES;
				CLANG_WARN_STRICT_PROTOTYPES = YES;
				CLANG_WARN_SUSPICIOUS_MOVE = YES;
				CLANG_WARN_UNGUARDED_AVAILABILITY = YES_AGGRESSIVE;
				CLANG_WARN_UNREACHABLE_CODE = YES;
				CLANG_WARN__DUPLICATE_METHOD_MATCH = YES;
				CODE_SIGN_IDENTITY = "iPhone Developer";
				COPY_PHASE_STRIP = NO;
				DEBUG_INFORMATION_FORMAT = "dwarf-with-dsym";
				ENABLE_NS_ASSERTIONS = NO;
				ENABLE_STRICT_OBJC_MSGSEND = YES;
				GCC_C_LANGUAGE_STANDARD = gnu11;
				GCC_NO_COMMON_BLOCKS = YES;
				GCC_WARN_64_TO_32_BIT_CONVERSION = YES;
				GCC_WARN_ABOUT_RETURN_TYPE = YES_ERROR;
				GCC_WARN_UNDECLARED_SELECTOR = YES;
				GCC_WARN_UNINITIALIZED_AUTOS = YES_AGGRESSIVE;
				GCC_WARN_UNUSED_FUNCTION = YES;
				GCC_WARN_UNUSED_VARIABLE = YES;
				IPHONEOS_DEPLOYMENT_TARGET = 11.4;
				MTL_ENABLE_DEBUG_INFO = NO;
				SDKROOT = iphoneos;
				SWIFT_COMPILATION_MODE = wholemodule;
				SWIFT_OPTIMIZATION_LEVEL = "-O";
				VALIDATE_PRODUCT = YES;
			};
			name = Release;
		};
		35F1C26F21344A6E000DB590 /* Debug */ = {
			isa = XCBuildConfiguration;
			baseConfigurationReference = DCC325D8D3B1350DF8A426E2 /* Pods-Book Ticket.debug.xcconfig */;
			buildSettings = {
				ASSETCATALOG_COMPILER_APPICON_NAME = AppIcon;
				CODE_SIGN_STYLE = Automatic;
				DEVELOPMENT_TEAM = ZTYSYRKNLZ;
				INFOPLIST_FILE = "Book Ticket/Info.plist";
				IPHONEOS_DEPLOYMENT_TARGET = 10.0;
				LD_RUNPATH_SEARCH_PATHS = (
					"$(inherited)",
					"@executable_path/Frameworks",
				);
				PRODUCT_BUNDLE_IDENTIFIER = "abc.Book-Ticket";
				PRODUCT_NAME = "$(TARGET_NAME)";
				SWIFT_VERSION = 4.0;
				TARGETED_DEVICE_FAMILY = "1,2";
			};
			name = Debug;
		};
		35F1C27021344A6E000DB590 /* Release */ = {
			isa = XCBuildConfiguration;
			baseConfigurationReference = 0314027B6578005CE4E1487C /* Pods-Book Ticket.release.xcconfig */;
			buildSettings = {
				ASSETCATALOG_COMPILER_APPICON_NAME = AppIcon;
				CODE_SIGN_STYLE = Automatic;
				DEVELOPMENT_TEAM = ZTYSYRKNLZ;
				INFOPLIST_FILE = "Book Ticket/Info.plist";
				IPHONEOS_DEPLOYMENT_TARGET = 10.0;
				LD_RUNPATH_SEARCH_PATHS = (
					"$(inherited)",
					"@executable_path/Frameworks",
				);
				PRODUCT_BUNDLE_IDENTIFIER = "abc.Book-Ticket";
				PRODUCT_NAME = "$(TARGET_NAME)";
				SWIFT_VERSION = 4.0;
				TARGETED_DEVICE_FAMILY = "1,2";
			};
			name = Release;
		};
		35F1C27221344A6E000DB590 /* Debug */ = {
			isa = XCBuildConfiguration;
			baseConfigurationReference = 2CBC557287D8EC89CCD829AE /* Pods-Book TicketTests.debug.xcconfig */;
			buildSettings = {
				ALWAYS_EMBED_SWIFT_STANDARD_LIBRARIES = YES;
				BUNDLE_LOADER = "$(TEST_HOST)";
				CODE_SIGN_STYLE = Automatic;
				DEVELOPMENT_TEAM = ZTYSYRKNLZ;
				INFOPLIST_FILE = "Book TicketTests/Info.plist";
				LD_RUNPATH_SEARCH_PATHS = (
					"$(inherited)",
					"@executable_path/Frameworks",
					"@loader_path/Frameworks",
				);
				PRODUCT_BUNDLE_IDENTIFIER = "abc.Book-TicketTests";
				PRODUCT_NAME = "$(TARGET_NAME)";
				SWIFT_VERSION = 4.0;
				TARGETED_DEVICE_FAMILY = "1,2";
				TEST_HOST = "$(BUILT_PRODUCTS_DIR)/Book Ticket.app/Book Ticket";
			};
			name = Debug;
		};
		35F1C27321344A6E000DB590 /* Release */ = {
			isa = XCBuildConfiguration;
			baseConfigurationReference = 717F4E5BA2CBFD2E3AA4099B /* Pods-Book TicketTests.release.xcconfig */;
			buildSettings = {
				ALWAYS_EMBED_SWIFT_STANDARD_LIBRARIES = YES;
				BUNDLE_LOADER = "$(TEST_HOST)";
				CODE_SIGN_STYLE = Automatic;
				DEVELOPMENT_TEAM = ZTYSYRKNLZ;
				INFOPLIST_FILE = "Book TicketTests/Info.plist";
				LD_RUNPATH_SEARCH_PATHS = (
					"$(inherited)",
					"@executable_path/Frameworks",
					"@loader_path/Frameworks",
				);
				PRODUCT_BUNDLE_IDENTIFIER = "abc.Book-TicketTests";
				PRODUCT_NAME = "$(TARGET_NAME)";
				SWIFT_VERSION = 4.0;
				TARGETED_DEVICE_FAMILY = "1,2";
				TEST_HOST = "$(BUILT_PRODUCTS_DIR)/Book Ticket.app/Book Ticket";
			};
			name = Release;
		};
		35F1C27521344A6E000DB590 /* Debug */ = {
			isa = XCBuildConfiguration;
			baseConfigurationReference = E4B9B55F63A243AE9A9E043E /* Pods-Book TicketUITests.debug.xcconfig */;
			buildSettings = {
				ALWAYS_EMBED_SWIFT_STANDARD_LIBRARIES = YES;
				CODE_SIGN_STYLE = Automatic;
				DEVELOPMENT_TEAM = ZTYSYRKNLZ;
				INFOPLIST_FILE = "Book TicketUITests/Info.plist";
				LD_RUNPATH_SEARCH_PATHS = (
					"$(inherited)",
					"@executable_path/Frameworks",
					"@loader_path/Frameworks",
				);
				PRODUCT_BUNDLE_IDENTIFIER = "abc.Book-TicketUITests";
				PRODUCT_NAME = "$(TARGET_NAME)";
				SWIFT_VERSION = 4.0;
				TARGETED_DEVICE_FAMILY = "1,2";
				TEST_TARGET_NAME = "Book Ticket";
			};
			name = Debug;
		};
		35F1C27621344A6E000DB590 /* Release */ = {
			isa = XCBuildConfiguration;
			baseConfigurationReference = 4BBB5CE9A91DC60E0EF726F7 /* Pods-Book TicketUITests.release.xcconfig */;
			buildSettings = {
				ALWAYS_EMBED_SWIFT_STANDARD_LIBRARIES = YES;
				CODE_SIGN_STYLE = Automatic;
				DEVELOPMENT_TEAM = ZTYSYRKNLZ;
				INFOPLIST_FILE = "Book TicketUITests/Info.plist";
				LD_RUNPATH_SEARCH_PATHS = (
					"$(inherited)",
					"@executable_path/Frameworks",
					"@loader_path/Frameworks",
				);
				PRODUCT_BUNDLE_IDENTIFIER = "abc.Book-TicketUITests";
				PRODUCT_NAME = "$(TARGET_NAME)";
				SWIFT_VERSION = 4.0;
				TARGETED_DEVICE_FAMILY = "1,2";
				TEST_TARGET_NAME = "Book Ticket";
			};
			name = Release;
		};
/* End XCBuildConfiguration section */

/* Begin XCConfigurationList section */
		35F1C23E21344A5E000DB590 /* Build configuration list for PBXProject "Book Ticket" */ = {
			isa = XCConfigurationList;
			buildConfigurations = (
				35F1C26C21344A6E000DB590 /* Debug */,
				35F1C26D21344A6E000DB590 /* Release */,
			);
			defaultConfigurationIsVisible = 0;
			defaultConfigurationName = Release;
		};
		35F1C26E21344A6E000DB590 /* Build configuration list for PBXNativeTarget "Book Ticket" */ = {
			isa = XCConfigurationList;
			buildConfigurations = (
				35F1C26F21344A6E000DB590 /* Debug */,
				35F1C27021344A6E000DB590 /* Release */,
			);
			defaultConfigurationIsVisible = 0;
			defaultConfigurationName = Release;
		};
		35F1C27121344A6E000DB590 /* Build configuration list for PBXNativeTarget "Book TicketTests" */ = {
			isa = XCConfigurationList;
			buildConfigurations = (
				35F1C27221344A6E000DB590 /* Debug */,
				35F1C27321344A6E000DB590 /* Release */,
			);
			defaultConfigurationIsVisible = 0;
			defaultConfigurationName = Release;
		};
		35F1C27421344A6E000DB590 /* Build configuration list for PBXNativeTarget "Book TicketUITests" */ = {
			isa = XCConfigurationList;
			buildConfigurations = (
				35F1C27521344A6E000DB590 /* Debug */,
				35F1C27621344A6E000DB590 /* Release */,
			);
			defaultConfigurationIsVisible = 0;
			defaultConfigurationName = Release;
		};
/* End XCConfigurationList section */

/* Begin XCVersionGroup section */
		35F1C24D21344A5E000DB590 /* Book_Ticket.xcdatamodeld */ = {
			isa = XCVersionGroup;
			children = (
				35F1C24E21344A5E000DB590 /* Book_Ticket.xcdatamodel */,
			);
			currentVersion = 35F1C24E21344A5E000DB590 /* Book_Ticket.xcdatamodel */;
			path = Book_Ticket.xcdatamodeld;
			sourceTree = "<group>";
			versionGroupType = wrapper.xcdatamodel;
		};
/* End XCVersionGroup section */
	};
	rootObject = 35F1C23B21344A5E000DB590 /* Project object */;
}
